# This file is automatically @generated by Cargo.
# It is not intended for manual editing.
version = 4

[[package]]
name = "adapter-sim-transport"
version = "0.1.0"
dependencies = [
 "messages",
 "ports",
]

[[package]]
name = "adapter-windows-target10"
version = "0.1.0"
dependencies = [
 "ffi-c-bindings",
 "messages",
 "ports",
]

[[package]]
name = "adapter-windows-target5"
version = "0.1.0"
dependencies = [
 "ffi-c-bindings",
 "messages",
 "ports",
]

[[package]]
name = "core"
version = "0.1.0"
dependencies = [
 "messages",
 "ports",
]

[[package]]
name = "dep-audit"
version = "0.1.0"

[[package]]
name = "ffi-c-bindings"
version = "0.1.0"
dependencies = [
 "messages",
]

[[package]]
name = "messages"
version = "0.1.0"

[[package]]
name = "plugins-api"
version = "0.1.0"
dependencies = [
 "messages",
]

[[package]]
name = "plugins-loader"
version = "0.1.0"
dependencies = [
 "messages",
 "plugins-api",
]

[[package]]
name = "ports"
version = "0.1.0"
dependencies = [
 "messages",
]

[[package]]
name = "runtime"
version = "0.1.0"
dependencies = [
 "core",
 "messages",
 "plugins-loader",
 "ports",
]

[[package]]
name = "scenario-runner"
version = "0.1.0"

[[package]]
name = "target10-app"
version = "0.1.0"
dependencies = [
 "adapter-windows-target10",
 "runtime",
]

[[package]]
name = "target5-app"
version = "0.1.0"
dependencies = [
 "adapter-windows-target5",
 "runtime",
]

[[package]]
name = "windows-target10-sim"
version = "0.1.0"
dependencies = [
 "adapter-sim-transport",
 "runtime",
]

[[package]]
name = "windows-target5-sim"
version = "0.1.0"
dependencies = [
 "adapter-sim-transport",
 "runtime",
]
